
Microsoft Visual Studio Solution File, Format Version 12.00
# Visual Studio Version 16
VisualStudioVersion = 16.0.31613.86
MinimumVisualStudioVersion = 10.0.40219.1
Project("{FAE04EC0-301F-11D3-BF4B-00C04F79EFBC}") = "Miniräknare", "Miniräknare\Miniräknare.csproj", "{305A76B0-2367-4BF0-9205-D6F4DD822B3B}"
EndProject
Global
	GlobalSection(SolutionConfigurationPlatforms) = preSolution
		Debug|Any CPU = Debug|Any CPU
		Release|Any CPU = Release|Any CPU
	EndGlobalSection
	GlobalSection(ProjectConfigurationPlatforms) = postSolution
		{305A76B0-2367-4BF0-9205-D6F4DD822B3B}.Debug|Any CPU.ActiveCfg = Debug|Any CPU
		{305A76B0-2367-4BF0-9205-D6F4DD822B3B}.Debug|Any CPU.Build.0 = Debug|Any CPU
		{305A76B0-2367-4BF0-9205-D6F4DD822B3B}.Release|Any CPU.ActiveCfg = Release|Any CPU
		{305A76B0-2367-4BF0-9205-D6F4DD822B3B}.Release|Any CPU.Build.0 = Release|Any CPU
	EndGlobalSection
	GlobalSection(SolutionProperties) = preSolution
		HideSolutionNode = FALSE
	EndGlobalSection
	GlobalSection(ExtensibilityGlobals) = postSolution
		SolutionGuid = {E3EB195F-8D06-4833-AABC-32403E0598EF}
	EndGlobalSection
EndGlobal
